{
  "name": "client",
  "lockfileVersion": 3,
  "requires": true,
  "packages": {
    "": {
      "dependencies": {
        "@pixiv/three-vrm": "^3.4.1",
        "@pixiv/three-vrm-animation": "^3.4.1",
        "three": "^0.179.1"
      }
    },
    "node_modules/@pixiv/three-vrm": {
      "version": "3.4.1",
      "resolved": "https://registry.npmjs.org/@pixiv/three-vrm/-/three-vrm-3.4.1.tgz",
      "integrity": "sha512-VRj/I7ZZcrshMtSw+vs+pw5jZVpseLt/1cN0t6q6gwyRFKuziY0NCkivGOcFXvFDG/gmZABPVsY8Dudf7Pq7YQ==",
      "license": "MIT",
      "dependencies": {
        "@pixiv/three-vrm-core": "3.4.1",
        "@pixiv/three-vrm-materials-hdr-emissive-multiplier": "3.4.1",
        "@pixiv/three-vrm-materials-mtoon": "3.4.1",
        "@pixiv/three-vrm-materials-v0compat": "3.4.1",
        "@pixiv/three-vrm-node-constraint": "3.4.1",
        "@pixiv/three-vrm-springbone": "3.4.1"
      },
      "peerDependencies": {
        "three": ">=0.137"
      }
    },
    "node_modules/@pixiv/three-vrm-animation": {
      "version": "3.4.1",
      "resolved": "https://registry.npmjs.org/@pixiv/three-vrm-animation/-/three-vrm-animation-3.4.1.tgz",
      "integrity": "sha512-phBoHZv34HpuVbuTSw5WYei2kqSuNzllIEJCRH7H5+k/2kZD7YwJMmEHdOuinQ2humcchX5DY9wWPUZkmLQi4g==",
      "license": "MIT",
      "dependencies": {
        "@pixiv/three-vrm-core": "3.4.1",
        "@pixiv/types-vrmc-vrm-1.0": "3.4.1",
        "@pixiv/types-vrmc-vrm-animation-1.0": "3.4.1"
      },
      "peerDependencies": {
        "three": ">=0.137"
      }
    },
    "node_modules/@pixiv/three-vrm-core": {
      "version": "3.4.1",
      "resolved": "https://registry.npmjs.org/@pixiv/three-vrm-core/-/three-vrm-core-3.4.1.tgz",
      "integrity": "sha512-EiV26eSrUPuDssFvOK55cLgJDS87r+M1Sn/u3CFo3soeoOzgDz9h1ctV9bvN3UUDjg02FfaGzZTHPTKvkq4rFw==",
      "license": "MIT",
      "dependencies": {
        "@pixiv/types-vrm-0.0": "3.4.1",
        "@pixiv/types-vrmc-vrm-1.0": "3.4.1"
      },
      "peerDependencies": {
        "three": ">=0.137"
      }
    },
    "node_modules/@pixiv/three-vrm-materials-hdr-emissive-multiplier": {
      "version": "3.4.1",
      "resolved": "https://registry.npmjs.org/@pixiv/three-vrm-materials-hdr-emissive-multiplier/-/three-vrm-materials-hdr-emissive-multiplier-3.4.1.tgz",
      "integrity": "sha512-sy/a0rx0cuppvsCNpiaGAqluAz4gVdcp7cDhg55VP4N7jDtmSM4EZz8dikinnIUmvLXiKg/lzG4K7bMWRiKIXQ==",
      "license": "MIT",
      "dependencies": {
        "@pixiv/types-vrmc-materials-hdr-emissive-multiplier-1.0": "3.4.1"
      },
      "peerDependencies": {
        "three": ">=0.137"
      }
    },
    "node_modules/@pixiv/three-vrm-materials-mtoon": {
      "version": "3.4.1",
      "resolved": "https://registry.npmjs.org/@pixiv/three-vrm-materials-mtoon/-/three-vrm-materials-mtoon-3.4.1.tgz",
      "integrity": "sha512-tKcwbYPLK4fpahkMhKQyU8vyuXVhcGQ95E7VNlldWfM9pYq5CBfpkjrKLu8yR9jwudeE1nMxBqGDilwkVyiXag==",
      "license": "MIT",
      "dependencies": {
        "@pixiv/types-vrm-0.0": "3.4.1",
        "@pixiv/types-vrmc-materials-mtoon-1.0": "3.4.1"
      },
      "peerDependencies": {
        "three": ">=0.137"
      }
    },
    "node_modules/@pixiv/three-vrm-materials-v0compat": {
      "version": "3.4.1",
      "resolved": "https://registry.npmjs.org/@pixiv/three-vrm-materials-v0compat/-/three-vrm-materials-v0compat-3.4.1.tgz",
      "integrity": "sha512-rW5tJnbfJ/vW94BvBtA7YTNdeAzKA+KEoKK1q/hXvCq0ziYU3pCNiywJjRT2eZ2jbfaPQkJDx8S8mnL3EKewMw==",
      "license": "MIT",
      "dependencies": {
        "@pixiv/types-vrm-0.0": "3.4.1",
        "@pixiv/types-vrmc-materials-mtoon-1.0": "3.4.1"
      },
      "peerDependencies": {
        "three": ">=0.137"
      }
    },
    "node_modules/@pixiv/three-vrm-node-constraint": {
      "version": "3.4.1",
      "resolved": "https://registry.npmjs.org/@pixiv/three-vrm-node-constraint/-/three-vrm-node-constraint-3.4.1.tgz",
      "integrity": "sha512-B5iGdiKfKwa5js4VbTUo49KoHxVbxwDOZjxdg63DKglN40MPPFizUpb7g61ynUComd0MLOm6kdIon1udFIei1w==",
      "license": "MIT",
      "dependencies": {
        "@pixiv/types-vrmc-node-constraint-1.0": "3.4.1"
      },
      "peerDependencies": {
        "three": ">=0.137"
      }
    },
    "node_modules/@pixiv/three-vrm-springbone": {
      "version": "3.4.1",
      "resolved": "https://registry.npmjs.org/@pixiv/three-vrm-springbone/-/three-vrm-springbone-3.4.1.tgz",
      "integrity": "sha512-2nFx1LMjdZ6/CLcgVaCufeBZWJGYJDVQG0pPTXAm25WkJztO5D/yHlDvLx0NkD3G3O3llbwplP41MmSOxw0n0Q==",
      "license": "MIT",
      "dependencies": {
        "@pixiv/types-vrm-0.0": "3.4.1",
        "@pixiv/types-vrmc-springbone-1.0": "3.4.1",
        "@pixiv/types-vrmc-springbone-extended-collider-1.0": "3.4.1"
      },
      "peerDependencies": {
        "three": ">=0.137"
      }
    },
    "node_modules/@pixiv/types-vrm-0.0": {
      "version": "3.4.1",
      "resolved": "https://registry.npmjs.org/@pixiv/types-vrm-0.0/-/types-vrm-0.0-3.4.1.tgz",
      "integrity": "sha512-OT0B6fblNoiFQKydb4O7bH4bxjvsE9ZoY5bdI2Z6NTw5rqfOo91YrSUsnSpD2JTZbpMUo5Dgz+r/wk4mcZXqnQ==",
      "license": "MIT"
    },
    "node_modules/@pixiv/types-vrmc-materials-hdr-emissive-multiplier-1.0": {
      "version": "3.4.1",
      "resolved": "https://registry.npmjs.org/@pixiv/types-vrmc-materials-hdr-emissive-multiplier-1.0/-/types-vrmc-materials-hdr-emissive-multiplier-1.0-3.4.1.tgz",
      "integrity": "sha512-gr9ZDGw4GNBScZRVzJOvdK2hDlvVwgI3ayh+oRbyromzNXgFtzy+BkkcnkgcQnZhuONqkdDvZLcmRtoeZvKs5w==",
      "license": "MIT"
    },
    "node_modules/@pixiv/types-vrmc-materials-mtoon-1.0": {
      "version": "3.4.1",
      "resolved": "https://registry.npmjs.org/@pixiv/types-vrmc-materials-mtoon-1.0/-/types-vrmc-materials-mtoon-1.0-3.4.1.tgz",
      "integrity": "sha512-5V6tS//17beutyF2YpIjsDRSkUCyuyv6/cLU5MSIloAhlc7A9py+4+iMXWvKOOGBj8qYNOUAZaBRtrshBnc3Tg==",
      "license": "MIT"
    },
    "node_modules/@pixiv/types-vrmc-node-constraint-1.0": {
      "version": "3.4.1",
      "resolved": "https://registry.npmjs.org/@pixiv/types-vrmc-node-constraint-1.0/-/types-vrmc-node-constraint-1.0-3.4.1.tgz",
      "integrity": "sha512-68HcCX+h8I6xX7BW9rsb9UEPWHSAFR1ZOEhXs9P11TPHdczMnKW5/1WVB/LUza0zS1dB2dYPBna8ox1W39p5jA==",
      "license": "MIT"
    },
    "node_modules/@pixiv/types-vrmc-springbone-1.0": {
      "version": "3.4.1",
      "resolved": "https://registry.npmjs.org/@pixiv/types-vrmc-springbone-1.0/-/types-vrmc-springbone-1.0-3.4.1.tgz",
      "integrity": "sha512-bQOgse7g6iUYVP4c5tp7FGpG+6gQvraurCgbxQjcFki7xcD9ZY6Oj7IYiq4lCKhOI0jhaQvRL9Qari6z0vgk3Q==",
      "license": "MIT"
    },
    "node_modules/@pixiv/types-vrmc-springbone-extended-collider-1.0": {
      "version": "3.4.1",
      "resolved": "https://registry.npmjs.org/@pixiv/types-vrmc-springbone-extended-collider-1.0/-/types-vrmc-springbone-extended-collider-1.0-3.4.1.tgz",
      "integrity": "sha512-J6sbq9Tn7gL/R1zeco1v10HlngaEgdPnemZz38R91oqp7806bZOosu+8rl3klP9v04PKAGRq98fMAU+7XGfZtw==",
      "license": "MIT"
    },
    "node_modules/@pixiv/types-vrmc-vrm-1.0": {
      "version": "3.4.1",
      "resolved": "https://registry.npmjs.org/@pixiv/types-vrmc-vrm-1.0/-/types-vrmc-vrm-1.0-3.4.1.tgz",
      "integrity": "sha512-nKc0vyi76YuQizpUtIuhnjuv3Z15ylhoHiUpBpaWF2kbt0v0ozAAKYNCof6kW0cngA52ERCbC3E6xlvdwYlhMA==",
      "license": "MIT"
    },
    "node_modules/@pixiv/types-vrmc-vrm-animation-1.0": {
      "version": "3.4.1",
      "resolved": "https://registry.npmjs.org/@pixiv/types-vrmc-vrm-animation-1.0/-/types-vrmc-vrm-animation-1.0-3.4.1.tgz",
      "integrity": "sha512-EBdK0xVAR6K3d5OfkgSM92MH5Nt3+qM6fIYpfbUhcDcNTsAQSyhjxDmQCI0mO2rx49OcEEln8kzqK97TFTeSyg==",
      "license": "MIT",
      "dependencies": {
        "@pixiv/types-vrmc-vrm-1.0": "2.0.3"
      }
    },
    "node_modules/@pixiv/types-vrmc-vrm-animation-1.0/node_modules/@pixiv/types-vrmc-vrm-1.0": {
      "version": "2.0.3",
      "resolved": "https://registry.npmjs.org/@pixiv/types-vrmc-vrm-1.0/-/types-vrmc-vrm-1.0-2.0.3.tgz",
      "integrity": "sha512-RMP34Bk1qLFQv/CRB1Zqvn2qMFfWQfP2Hms5QrrfoBsW9XroZdEe0zPLNbGmUPYh4F7VtBb+B7+RCuymRtpehA==",
      "license": "MIT"
    },
    "node_modules/three": {
      "version": "0.179.1",
      "resolved": "https://registry.npmjs.org/three/-/three-0.179.1.tgz",
      "integrity": "sha512-5y/elSIQbrvKOISxpwXCR4sQqHtGiOI+MKLc3SsBdDXA2hz3Mdp3X59aUp8DyybMa34aeBwbFTpdoLJaUDEWSw==",
      "license": "MIT"
    }
  }
}
